
Microsoft Visual Studio Solution File, Format Version 12.00
# Visual Studio Version 17
VisualStudioVersion = 17.5.33627.172
MinimumVisualStudioVersion = 10.0.40219.1
Project("{9A19103F-16F7-4668-BE54-9A1E7A4F7556}") = "Revit.Tutorial", "Revit.Tutorial\Revit.Tutorial.csproj", "{F9D24797-FB29-4BC0-9758-23194B11D843}"
EndProject
Project("{2150E333-8FDC-42A3-9474-1A3956D46DE8}") = "Addin", "Addin", "{C3811BC8-47F1-479C-AD0A-1913D8134202}"
	ProjectSection(SolutionItems) = preProject
		Revit.Tutorial.addin = Revit.Tutorial.addin
	EndProjectSection
EndProject
Global
	GlobalSection(SolutionConfigurationPlatforms) = preSolution
		Debug|Any CPU = Debug|Any CPU
		Release|Any CPU = Release|Any CPU
	EndGlobalSection
	GlobalSection(ProjectConfigurationPlatforms) = postSolution
		{F9D24797-FB29-4BC0-9758-23194B11D843}.Debug|Any CPU.ActiveCfg = Debug|Any CPU
		{F9D24797-FB29-4BC0-9758-23194B11D843}.Debug|Any CPU.Build.0 = Debug|Any CPU
		{F9D24797-FB29-4BC0-9758-23194B11D843}.Release|Any CPU.ActiveCfg = Release|Any CPU
		{F9D24797-FB29-4BC0-9758-23194B11D843}.Release|Any CPU.Build.0 = Release|Any CPU
	EndGlobalSection
	GlobalSection(SolutionProperties) = preSolution
		HideSolutionNode = FALSE
	EndGlobalSection
	GlobalSection(ExtensibilityGlobals) = postSolution
		SolutionGuid = {EA901EA4-41B9-4570-AC03-6938C7B9A988}
	EndGlobalSection
EndGlobal
